
Microsoft Visual Studio Solution File, Format Version 12.00
# Visual Studio Version 16
VisualStudioVersion = 16.0.31829.152
MinimumVisualStudioVersion = 10.0.40219.1
Project("{FAE04EC0-301F-11D3-BF4B-00C04F79EFBC}") = "SistemaDeInscripcionUniversitario", "SistemaDeInscripcionUniversitario.csproj", "{13C67943-01D4-475E-B25D-0922451EDC6D}"
EndProject
Global
	GlobalSection(SolutionConfigurationPlatforms) = preSolution
		Debug|Any CPU = Debug|Any CPU
		Release|Any CPU = Release|Any CPU
	EndGlobalSection
	GlobalSection(ProjectConfigurationPlatforms) = postSolution
		{13C67943-01D4-475E-B25D-0922451EDC6D}.Debug|Any CPU.ActiveCfg = Debug|Any CPU
		{13C67943-01D4-475E-B25D-0922451EDC6D}.Debug|Any CPU.Build.0 = Debug|Any CPU
		{13C67943-01D4-475E-B25D-0922451EDC6D}.Release|Any CPU.ActiveCfg = Release|Any CPU
		{13C67943-01D4-475E-B25D-0922451EDC6D}.Release|Any CPU.Build.0 = Release|Any CPU
	EndGlobalSection
	GlobalSection(SolutionProperties) = preSolution
		HideSolutionNode = FALSE
	EndGlobalSection
	GlobalSection(ExtensibilityGlobals) = postSolution
		SolutionGuid = {3067C1CC-F7DA-47FE-B062-59ADF176ED1A}
	EndGlobalSection
EndGlobal
